
Microsoft Visual Studio Solution File, Format Version 12.00
# Visual Studio 2012
Project("{FAE04EC0-301F-11D3-BF4B-00C04F79EFBC}") = "Ninject.Features", "ninject.features\Ninject.Features.csproj", "{BB57FC25-3DD8-4C45-A33D-EB03AC1F19BB}"
EndProject
Project("{FAE04EC0-301F-11D3-BF4B-00C04F79EFBC}") = "Ninject.FeatureDumper", "Ninject.FeatureDumper\Ninject.FeatureDumper.csproj", "{48C74BF1-47C7-43C1-AEA8-CD1206AD8E65}"
EndProject
Project("{FAE04EC0-301F-11D3-BF4B-00C04F79EFBC}") = "Ninject.Features.Facts", "Ninject.Features.Facts\Ninject.Features.Facts.csproj", "{1053CEAA-9C75-48A8-B351-0E55022E759C}"
EndProject
Global
	GlobalSection(SolutionConfigurationPlatforms) = preSolution
		Debug|Any CPU = Debug|Any CPU
		Release|Any CPU = Release|Any CPU
	EndGlobalSection
	GlobalSection(ProjectConfigurationPlatforms) = postSolution
		{BB57FC25-3DD8-4C45-A33D-EB03AC1F19BB}.Debug|Any CPU.ActiveCfg = Debug|Any CPU
		{BB57FC25-3DD8-4C45-A33D-EB03AC1F19BB}.Debug|Any CPU.Build.0 = Debug|Any CPU
		{BB57FC25-3DD8-4C45-A33D-EB03AC1F19BB}.Release|Any CPU.ActiveCfg = Release|Any CPU
		{BB57FC25-3DD8-4C45-A33D-EB03AC1F19BB}.Release|Any CPU.Build.0 = Release|Any CPU
		{48C74BF1-47C7-43C1-AEA8-CD1206AD8E65}.Debug|Any CPU.ActiveCfg = Debug|Any CPU
		{48C74BF1-47C7-43C1-AEA8-CD1206AD8E65}.Debug|Any CPU.Build.0 = Debug|Any CPU
		{48C74BF1-47C7-43C1-AEA8-CD1206AD8E65}.Release|Any CPU.ActiveCfg = Release|Any CPU
		{48C74BF1-47C7-43C1-AEA8-CD1206AD8E65}.Release|Any CPU.Build.0 = Release|Any CPU
		{1053CEAA-9C75-48A8-B351-0E55022E759C}.Debug|Any CPU.ActiveCfg = Debug|Any CPU
		{1053CEAA-9C75-48A8-B351-0E55022E759C}.Debug|Any CPU.Build.0 = Debug|Any CPU
		{1053CEAA-9C75-48A8-B351-0E55022E759C}.Release|Any CPU.ActiveCfg = Release|Any CPU
		{1053CEAA-9C75-48A8-B351-0E55022E759C}.Release|Any CPU.Build.0 = Release|Any CPU
	EndGlobalSection
	GlobalSection(SolutionProperties) = preSolution
		HideSolutionNode = FALSE
	EndGlobalSection
EndGlobal
